// !$*UTF8*$!
{
	archiveVersion = 1;
	classes = {
	};
	objectVersion = 77;
	objects = {

/* Begin PBXContainerItemProxy section */
		736CD27F2FA7A03000CDC18A /* PBXContainerItemProxy */ = {
			isa = PBXContainerItemProxy;
			containerPortal = 736CD2692FA7A02F00CDC18A /* Project object */;
			proxyType = 1;
			remoteGlobalIDString = 736CD2702FA7A02F00CDC18A;
			remoteInfo = TestFastlaneGithub;
		};
		736CD2892FA7A03000CDC18A /* PBXContainerItemProxy */ = {
			isa = PBXContainerItemProxy;
			containerPortal = 736CD2692FA7A02F00CDC18A /* Project object */;
			proxyType = 1;
			remoteGlobalIDString = 736CD2702FA7A02F00CDC18A;
			remoteInfo = TestFastlaneGithub;
		};
/* End PBXContainerItemProxy section */

/* Begin PBXFileReference section */
		736CD2712FA7A02F00CDC18A /* TestFastlaneGithub.app */ = {isa = PBXFileReference; explicitFileType = wrapper.application; includeInIndex = 0; path = TestFastlaneGithub.app; sourceTree = BUILT_PRODUCTS_DIR; };
		736CD27E2FA7A03000CDC18A /* TestFastlaneGithubTests.xctest */ = {isa = PBXFileReference; explicitFileType = wrapper.cfbundle; includeInIndex = 0; path = TestFastlaneGithubTests.xctest; sourceTree = BUILT_PRODUCTS_DIR; };
		736CD2882FA7A03000CDC18A /* TestFastlaneGithubUITests.xctest */ = {isa = PBXFileReference; explicitFileType = wrapper.cfbundle; includeInIndex = 0; path = TestFastlaneGithubUITests.xctest; sourceTree = BUILT_PRODUCTS_DIR; };
/* End PBXFileReference section */

/* Begin PBXFileSystemSynchronizedRootGroup section */
		736CD2732FA7A02F00CDC18A /* TestFastlaneGithub */ = {
			isa = PBXFileSystemSynchronizedRootGroup;
			path = TestFastlaneGithub;
			sourceTree = "<group>";
		};
		736CD2812FA7A03000CDC18A /* TestFastlaneGithubTests */ = {
			isa = PBXFileSystemSynchronizedRootGroup;
			path = TestFastlaneGithubTests;
			sourceTree = "<group>";
		};
		736CD28B2FA7A03000CDC18A /* TestFastlaneGithubUITests */ = {
			isa = PBXFileSystemSynchronizedRootGroup;
			path = TestFastlaneGithubUITests;
			sourceTree = "<group>";
		};
/* End PBXFileSystemSynchronizedRootGroup section */

/* Begin PBXFrameworksBuildPhase section */
		736CD26E2FA7A02F00CDC18A /* Frameworks */ = {
			isa = PBXFrameworksBuildPhase;
			buildActionMask = 2147483647;
			files = (
			);
			runOnlyForDeploymentPostprocessing = 0;
		};
		736CD27B2FA7A03000CDC18A /* Frameworks */ = {
			isa = PBXFrameworksBuildPhase;
			buildActionMask = 2147483647;
			files = (
			);
			runOnlyForDeploymentPostprocessing = 0;
		};
		736CD2852FA7A03000CDC18A /* Frameworks */ = {
			isa = PBXFrameworksBuildPhase;
			buildActionMask = 2147483647;
			files = (
			);
			runOnlyForDeploymentPostprocessing = 0;
		};
/* End PBXFrameworksBuildPhase section */

/* Begin PBXGroup section */
		736CD2682FA7A02F00CDC18A = {
			isa = PBXGroup;
			children = (
				736CD2732FA7A02F00CDC18A /* TestFastlaneGithub */,
				736CD2812FA7A03000CDC18A /* TestFastlaneGithubTests */,
				736CD28B2FA7A03000CDC18A /* TestFastlaneGithubUITests */,
				736CD2722FA7A02F00CDC18A /* Products */,
			);
			sourceTree = "<group>";
		};
		736CD2722FA7A02F00CDC18A /* Products */ = {
			isa = PBXGroup;
			children = (
				736CD2712FA7A02F00CDC18A /* TestFastlaneGithub.app */,
				736CD27E2FA7A03000CDC18A /* TestFastlaneGithubTests.xctest */,
				736CD2882FA7A03000CDC18A /* TestFastlaneGithubUITests.xctest */,
			);
			name = Products;
			sourceTree = "<group>";
		};
/* End PBXGroup section */

/* Begin PBXNativeTarget section */
		736CD2702FA7A02F00CDC18A /* TestFastlaneGithub */ = {
			isa = PBXNativeTarget;
			buildConfigurationList = 736CD2922FA7A03000CDC18A /* Build configuration list for PBXNativeTarget "TestFastlaneGithub" */;
			buildPhases = (
				736CD26D2FA7A02F00CDC18A /* Sources */,
				736CD26E2FA7A02F00CDC18A /* Frameworks */,
				736CD26F2FA7A02F00CDC18A /* Resources */,
			);
			buildRules = (
			);
			dependencies = (
			);
			fileSystemSynchronizedGroups = (
				736CD2732FA7A02F00CDC18A /* TestFastlaneGithub */,
			);
			name = TestFastlaneGithub;
			packageProductDependencies = (
			);
			productName = TestFastlaneGithub;
			productReference = 736CD2712FA7A02F00CDC18A /* TestFastlaneGithub.app */;
			productType = "com.apple.product-type.application";
		};
		736CD27D2FA7A03000CDC18A /* TestFastlaneGithubTests */ = {
			isa = PBXNativeTarget;
			buildConfigurationList = 736CD2952FA7A03000CDC18A /* Build configuration list for PBXNativeTarget "TestFastlaneGithubTests" */;
			buildPhases = (
				736CD27A2FA7A03000CDC18A /* Sources */,
				736CD27B2FA7A03000CDC18A /* Frameworks */,
				736CD27C2FA7A03000CDC18A /* Resources */,
			);
			buildRules = (
			);
			dependencies = (
				736CD2802FA7A03000CDC18A /* PBXTargetDependency */,
			);
			fileSystemSynchronizedGroups = (
				736CD2812FA7A03000CDC18A /* TestFastlaneGithubTests */,
			);
			name = TestFastlaneGithubTests;
			packageProductDependencies = (
			);
			productName = TestFastlaneGithubTests;
			productReference = 736CD27E2FA7A03000CDC18A /* TestFastlaneGithubTests.xctest */;
			productType = "com.apple.product-type.bundle.unit-test";
		};
		736CD2872FA7A03000CDC18A /* TestFastlaneGithubUITests */ = {
			isa = PBXNativeTarget;
			buildConfigurationList = 736CD2982FA7A03000CDC18A /* Build configuration list for PBXNativeTarget "TestFastlaneGithubUITests" */;
			buildPhases = (
				736CD2842FA7A03000CDC18A /* Sources */,
				736CD2852FA7A03000CDC18A /* Frameworks */,
				736CD2862FA7A03000CDC18A /* Resources */,
			);
			buildRules = (
			);
			dependencies = (
				736CD28A2FA7A03000CDC18A /* PBXTargetDependency */,
			);
			fileSystemSynchronizedGroups = (
				736CD28B2FA7A03000CDC18A /* TestFastlaneGithubUITests */,
			);
			name = TestFastlaneGithubUITests;
			packageProductDependencies = (
			);
			productName = TestFastlaneGithubUITests;
			productReference = 736CD2882FA7A03000CDC18A /* TestFastlaneGithubUITests.xctest */;
			productType = "com.apple.product-type.bundle.ui-testing";
		};
/* End PBXNativeTarget section */

/* Begin PBXProject section */
		736CD2692FA7A02F00CDC18A /* Project object */ = {
			isa = PBXProject;
			attributes = {
				BuildIndependentTargetsInParallel = 1;
				LastSwiftUpdateCheck = 2600;
				LastUpgradeCheck = 2600;
				TargetAttributes = {
					736CD2702FA7A02F00CDC18A = {
						CreatedOnToolsVersion = 26.0.1;
					};
					736CD27D2FA7A03000CDC18A = {
						CreatedOnToolsVersion = 26.0.1;
						TestTargetID = 736CD2702FA7A02F00CDC18A;
					};
					736CD2872FA7A03000CDC18A = {
						CreatedOnToolsVersion = 26.0.1;
						TestTargetID = 736CD2702FA7A02F00CDC18A;
					};
				};
			};
			buildConfigurationList = 736CD26C2FA7A02F00CDC18A /* Build configuration list for PBXProject "TestFastlaneGithub" */;
			developmentRegion = en;
			hasScannedForEncodings = 0;
			knownRegions = (
				en,
				Base,
			);
			mainGroup = 736CD2682FA7A02F00CDC18A;
			minimizedProjectReferenceProxies = 1;
			preferredProjectObjectVersion = 77;
			productRefGroup = 736CD2722FA7A02F00CDC18A /* Products */;
			projectDirPath = "";
			projectRoot = "";
			targets = (
				736CD2702FA7A02F00CDC18A /* TestFastlaneGithub */,
				736CD27D2FA7A03000CDC18A /* TestFastlaneGithubTests */,
				736CD2872FA7A03000CDC18A /* TestFastlaneGithubUITests */,
			);
		};
/* End PBXProject section */

/* Begin PBXResourcesBuildPhase section */
		736CD26F2FA7A02F00CDC18A /* Resources */ = {
			isa = PBXResourcesBuildPhase;
			buildActionMask = 2147483647;
			files = (
			);
			runOnlyForDeploymentPostprocessing = 0;
		};
		736CD27C2FA7A03000CDC18A /* Resources */ = {
			isa = PBXResourcesBuildPhase;
			buildActionMask = 2147483647;
			files = (
			);
			runOnlyForDeploymentPostprocessing = 0;
		};
		736CD2862FA7A03000CDC18A /* Resources */ = {
			isa = PBXResourcesBuildPhase;
			buildActionMask = 2147483647;
			files = (
			);
			runOnlyForDeploymentPostprocessing = 0;
		};
/* End PBXResourcesBuildPhase section */

/* Begin PBXSourcesBuildPhase section */
		736CD26D2FA7A02F00CDC18A /* Sources */ = {
			isa = PBXSourcesBuildPhase;
			buildActionMask = 2147483647;
			files = (
			);
			runOnlyForDeploymentPostprocessing = 0;
		};
		736CD27A2FA7A03000CDC18A /* Sources */ = {
			isa = PBXSourcesBuildPhase;
			buildActionMask = 2147483647;
			files = (
			);
			runOnlyForDeploymentPostprocessing = 0;
		};
		736CD2842FA7A03000CDC18A /* Sources */ = {
			isa = PBXSourcesBuildPhase;
			buildActionMask = 2147483647;
			files = (
			);
			runOnlyForDeploymentPostprocessing = 0;
		};
/* End PBXSourcesBuildPhase section */

/* Begin PBXTargetDependency section */
		736CD2802FA7A03000CDC18A /* PBXTargetDependency */ = {
			isa = PBXTargetDependency;
			target = 736CD2702FA7A02F00CDC18A /* TestFastlaneGithub */;
			targetProxy = 736CD27F2FA7A03000CDC18A /* PBXContainerItemProxy */;
		};
		736CD28A2FA7A03000CDC18A /* PBXTargetDependency */ = {
			isa = PBXTargetDependency;
			target = 736CD2702FA7A02F00CDC18A /* TestFastlaneGithub */;
			targetProxy = 736CD2892FA7A03000CDC18A /* PBXContainerItemProxy */;
		};
/* End PBXTargetDependency section */

/* Begin XCBuildConfiguration section */
		736CD2902FA7A03000CDC18A /* Debug */ = {
			isa = XCBuildConfiguration;
			buildSettings = {
				ALWAYS_SEARCH_USER_PATHS = NO;
				ASSETCATALOG_COMPILER_GENERATE_SWIFT_ASSET_SYMBOL_EXTENSIONS = YES;
				CLANG_ANALYZER_NONNULL = YES;
				CLANG_ANALYZER_NUMBER_OBJECT_CONVERSION = YES_AGGRESSIVE;
				CLANG_CXX_LANGUAGE_STANDARD = "gnu++20";
				CLANG_ENABLE_MODULES = YES;
				CLANG_ENABLE_OBJC_ARC = YES;
				CLANG_ENABLE_OBJC_WEAK = YES;
				CLANG_WARN_BLOCK_CAPTURE_AUTORELEASING = YES;
				CLANG_WARN_BOOL_CONVERSION = YES;
				CLANG_WARN_COMMA = YES;
				CLANG_WARN_CONSTANT_CONVERSION = YES;
				CLANG_WARN_DEPRECATED_OBJC_IMPLEMENTATIONS = YES;
				CLANG_WARN_DIRECT_OBJC_ISA_USAGE = YES_ERROR;
				CLANG_WARN_DOCUMENTATION_COMMENTS = YES;
				CLANG_WARN_EMPTY_BODY = YES;
				CLANG_WARN_ENUM_CONVERSION = YES;
				CLANG_WARN_INFINITE_RECURSION = YES;
				CLANG_WARN_INT_CONVERSION = YES;
				CLANG_WARN_NON_LITERAL_NULL_CONVERSION = YES;
				CLANG_WARN_OBJC_IMPLICIT_RETAIN_SELF = YES;
				CLANG_WARN_OBJC_LITERAL_CONVERSION = YES;
				CLANG_WARN_OBJC_ROOT_CLASS = YES_ERROR;
				CLANG_WARN_QUOTED_INCLUDE_IN_FRAMEWORK_HEADER = YES;
				CLANG_WARN_RANGE_LOOP_ANALYSIS = YES;
				CLANG_WARN_STRICT_PROTOTYPES = YES;
				CLANG_WARN_SUSPICIOUS_MOVE = YES;
				CLANG_WARN_UNGUARDED_AVAILABILITY = YES_AGGRESSIVE;
				CLANG_WARN_UNREACHABLE_CODE = YES;
				CLANG_WARN__DUPLICATE_METHOD_MATCH = YES;
				COPY_PHASE_STRIP = NO;
				DEBUG_INFORMATION_FORMAT = dwarf;
				DEVELOPMENT_TEAM = 8J9X6579Z6;
				ENABLE_STRICT_OBJC_MSGSEND = YES;
				ENABLE_TESTABILITY = YES;
				ENABLE_USER_SCRIPT_SANDBOXING = YES;
				GCC_C_LANGUAGE_STANDARD = gnu17;
				GCC_DYNAMIC_NO_PIC = NO;
				GCC_NO_COMMON_BLOCKS = YES;
				GCC_OPTIMIZATION_LEVEL = 0;
				GCC_PREPROCESSOR_DEFINITIONS = (
					"DEBUG=1",
					"$(inherited)",
				);
				GCC_WARN_64_TO_32_BIT_CONVERSION = YES;
				GCC_WARN_ABOUT_RETURN_TYPE = YES_ERROR;
				GCC_WARN_UNDECLARED_SELECTOR = YES;
				GCC_WARN_UNINITIALIZED_AUTOS = YES_AGGRESSIVE;
				GCC_WARN_UNUSED_FUNCTION = YES;
				GCC_WARN_UNUSED_VARIABLE = YES;
				IPHONEOS_DEPLOYMENT_TARGET = 26.0;
				LOCALIZATION_PREFERS_STRING_CATALOGS = YES;
				MTL_ENABLE_DEBUG_INFO = INCLUDE_SOURCE;
				MTL_FAST_MATH = YES;
				ONLY_ACTIVE_ARCH = YES;
				SDKROOT = iphoneos;
				SWIFT_ACTIVE_COMPILATION_CONDITIONS = "DEBUG $(inherited)";
				SWIFT_OPTIMIZATION_LEVEL = "-Onone";
			};
			name = Debug;
		};
		736CD2912FA7A03000CDC18A /* Release */ = {
			isa = XCBuildConfiguration;
			buildSettings = {
				ALWAYS_SEARCH_USER_PATHS = NO;
				ASSETCATALOG_COMPILER_GENERATE_SWIFT_ASSET_SYMBOL_EXTENSIONS = YES;
				CLANG_ANALYZER_NONNULL = YES;
				CLANG_ANALYZER_NUMBER_OBJECT_CONVERSION = YES_AGGRESSIVE;
				CLANG_CXX_LANGUAGE_STANDARD = "gnu++20";
				CLANG_ENABLE_MODULES = YES;
				CLANG_ENABLE_OBJC_ARC = YES;
				CLANG_ENABLE_OBJC_WEAK = YES;
				CLANG_WARN_BLOCK_CAPTURE_AUTORELEASING = YES;
				CLANG_WARN_BOOL_CONVERSION = YES;
				CLANG_WARN_COMMA = YES;
				CLANG_WARN_CONSTANT_CONVERSION = YES;
				CLANG_WARN_DEPRECATED_OBJC_IMPLEMENTATIONS = YES;
				CLANG_WARN_DIRECT_OBJC_ISA_USAGE = YES_ERROR;
				CLANG_WARN_DOCUMENTATION_COMMENTS = YES;
				CLANG_WARN_EMPTY_BODY = YES;
				CLANG_WARN_ENUM_CONVERSION = YES;
				CLANG_WARN_INFINITE_RECURSION = YES;
				CLANG_WARN_INT_CONVERSION = YES;
				CLANG_WARN_NON_LITERAL_NULL_CONVERSION = YES;
				CLANG_WARN_OBJC_IMPLICIT_RETAIN_SELF = YES;
				CLANG_WARN_OBJC_LITERAL_CONVERSION = YES;
				CLANG_WARN_OBJC_ROOT_CLASS = YES_ERROR;
				CLANG_WARN_QUOTED_INCLUDE_IN_FRAMEWORK_HEADER = YES;
				CLANG_WARN_RANGE_LOOP_ANALYSIS = YES;
				CLANG_WARN_STRICT_PROTOTYPES = YES;
				CLANG_WARN_SUSPICIOUS_MOVE = YES;
				CLANG_WARN_UNGUARDED_AVAILABILITY = YES_AGGRESSIVE;
				CLANG_WARN_UNREACHABLE_CODE = YES;
				CLANG_WARN__DUPLICATE_METHOD_MATCH = YES;
				COPY_PHASE_STRIP = NO;
				DEBUG_INFORMATION_FORMAT = "dwarf-with-dsym";
				DEVELOPMENT_TEAM = 8J9X6579Z6;
				ENABLE_NS_ASSERTIONS = NO;
				ENABLE_STRICT_OBJC_MSGSEND = YES;
				ENABLE_USER_SCRIPT_SANDBOXING = YES;
				GCC_C_LANGUAGE_STANDARD = gnu17;
				GCC_NO_COMMON_BLOCKS = YES;
				GCC_WARN_64_TO_32_BIT_CONVERSION = YES;
				GCC_WARN_ABOUT_RETURN_TYPE = YES_ERROR;
				GCC_WARN_UNDECLARED_SELECTOR = YES;
				GCC_WARN_UNINITIALIZED_AUTOS = YES_AGGRESSIVE;
				GCC_WARN_UNUSED_FUNCTION = YES;
				GCC_WARN_UNUSED_VARIABLE = YES;
				IPHONEOS_DEPLOYMENT_TARGET = 26.0;
				LOCALIZATION_PREFERS_STRING_CATALOGS = YES;
				MTL_ENABLE_DEBUG_INFO = NO;
				MTL_FAST_MATH = YES;
				SDKROOT = iphoneos;
				SWIFT_COMPILATION_MODE = wholemodule;
				VALIDATE_PRODUCT = YES;
			};
			name = Release;
		};
		736CD2932FA7A03000CDC18A /* Debug */ = {
			isa = XCBuildConfiguration;
			buildSettings = {
				ASSETCATALOG_COMPILER_APPICON_NAME = AppIcon;
				ASSETCATALOG_COMPILER_GLOBAL_ACCENT_COLOR_NAME = AccentColor;
				CODE_SIGN_STYLE = Automatic;
				CURRENT_PROJECT_VERSION = 1;
				DEVELOPMENT_TEAM = 8J9X6579Z6;
				ENABLE_PREVIEWS = YES;
				GENERATE_INFOPLIST_FILE = YES;
				INFOPLIST_KEY_UIApplicationSceneManifest_Generation = YES;
				INFOPLIST_KEY_UIApplicationSupportsIndirectInputEvents = YES;
				INFOPLIST_KEY_UILaunchScreen_Generation = YES;
				INFOPLIST_KEY_UISupportedInterfaceOrientations_iPad = "UIInterfaceOrientationPortrait UIInterfaceOrientationPortraitUpsideDown UIInterfaceOrientationLandscapeLeft UIInterfaceOrientationLandscapeRight";
				INFOPLIST_KEY_UISupportedInterfaceOrientations_iPhone = "UIInterfaceOrientationPortrait UIInterfaceOrientationLandscapeLeft UIInterfaceOrientationLandscapeRight";
				LD_RUNPATH_SEARCH_PATHS = (
					"$(inherited)",
					"@executable_path/Frameworks",
				);
				MARKETING_VERSION = 1.0;
				PRODUCT_BUNDLE_IDENTIFIER = MK.com.TestFastlaneGithub;
				PRODUCT_NAME = "$(TARGET_NAME)";
				STRING_CATALOG_GENERATE_SYMBOLS = YES;
				SWIFT_APPROACHABLE_CONCURRENCY = YES;
				SWIFT_DEFAULT_ACTOR_ISOLATION = MainActor;
				SWIFT_EMIT_LOC_STRINGS = YES;
				SWIFT_UPCOMING_FEATURE_MEMBER_IMPORT_VISIBILITY = YES;
				SWIFT_VERSION = 5.0;
				TARGETED_DEVICE_FAMILY = "1,2";
			};
			name = Debug;
		};
		736CD2942FA7A03000CDC18A /* Release */ = {
			isa = XCBuildConfiguration;
			buildSettings = {
				ASSETCATALOG_COMPILER_APPICON_NAME = AppIcon;
				ASSETCATALOG_COMPILER_GLOBAL_ACCENT_COLOR_NAME = AccentColor;
				CODE_SIGN_STYLE = Automatic;
				CURRENT_PROJECT_VERSION = 1;
				DEVELOPMENT_TEAM = 8J9X6579Z6;
				ENABLE_PREVIEWS = YES;
				GENERATE_INFOPLIST_FILE = YES;
				INFOPLIST_KEY_UIApplicationSceneManifest_Generation = YES;
				INFOPLIST_KEY_UIApplicationSupportsIndirectInputEvents = YES;
				INFOPLIST_KEY_UILaunchScreen_Generation = YES;
				INFOPLIST_KEY_UISupportedInterfaceOrientations_iPad = "UIInterfaceOrientationPortrait UIInterfaceOrientationPortraitUpsideDown UIInterfaceOrientationLandscapeLeft UIInterfaceOrientationLandscapeRight";
				INFOPLIST_KEY_UISupportedInterfaceOrientations_iPhone = "UIInterfaceOrientationPortrait UIInterfaceOrientationLandscapeLeft UIInterfaceOrientationLandscapeRight";
				LD_RUNPATH_SEARCH_PATHS = (
					"$(inherited)",
					"@executable_path/Frameworks",
				);
				MARKETING_VERSION = 1.0;
				PRODUCT_BUNDLE_IDENTIFIER = MK.com.TestFastlaneGithub;
				PRODUCT_NAME = "$(TARGET_NAME)";
				STRING_CATALOG_GENERATE_SYMBOLS = YES;
				SWIFT_APPROACHABLE_CONCURRENCY = YES;
				SWIFT_DEFAULT_ACTOR_ISOLATION = MainActor;
				SWIFT_EMIT_LOC_STRINGS = YES;
				SWIFT_UPCOMING_FEATURE_MEMBER_IMPORT_VISIBILITY = YES;
				SWIFT_VERSION = 5.0;
				TARGETED_DEVICE_FAMILY = "1,2";
			};
			name = Release;
		};
		736CD2962FA7A03000CDC18A /* Debug */ = {
			isa = XCBuildConfiguration;
			buildSettings = {
				BUNDLE_LOADER = "$(TEST_HOST)";
				CODE_SIGN_STYLE = Automatic;
				CURRENT_PROJECT_VERSION = 1;
				DEVELOPMENT_TEAM = 8J9X6579Z6;
				GENERATE_INFOPLIST_FILE = YES;
				IPHONEOS_DEPLOYMENT_TARGET = 26.0;
				MARKETING_VERSION = 1.0;
				PRODUCT_BUNDLE_IDENTIFIER = MK.com.TestFastlaneGithubTests;
				PRODUCT_NAME = "$(TARGET_NAME)";
				STRING_CATALOG_GENERATE_SYMBOLS = NO;
				SWIFT_APPROACHABLE_CONCURRENCY = YES;
				SWIFT_EMIT_LOC_STRINGS = NO;
				SWIFT_UPCOMING_FEATURE_MEMBER_IMPORT_VISIBILITY = YES;
				SWIFT_VERSION = 5.0;
				TARGETED_DEVICE_FAMILY = "1,2";
				TEST_HOST = "$(BUILT_PRODUCTS_DIR)/TestFastlaneGithub.app/$(BUNDLE_EXECUTABLE_FOLDER_PATH)/TestFastlaneGithub";
			};
			name = Debug;
		};
		736CD2972FA7A03000CDC18A /* Release */ = {
			isa = XCBuildConfiguration;
			buildSettings = {
				BUNDLE_LOADER = "$(TEST_HOST)";
				CODE_SIGN_STYLE = Automatic;
				CURRENT_PROJECT_VERSION = 1;
				DEVELOPMENT_TEAM = 8J9X6579Z6;
				GENERATE_INFOPLIST_FILE = YES;
				IPHONEOS_DEPLOYMENT_TARGET = 26.0;
				MARKETING_VERSION = 1.0;
				PRODUCT_BUNDLE_IDENTIFIER = MK.com.TestFastlaneGithubTests;
				PRODUCT_NAME = "$(TARGET_NAME)";
				STRING_CATALOG_GENERATE_SYMBOLS = NO;
				SWIFT_APPROACHABLE_CONCURRENCY = YES;
				SWIFT_EMIT_LOC_STRINGS = NO;
				SWIFT_UPCOMING_FEATURE_MEMBER_IMPORT_VISIBILITY = YES;
				SWIFT_VERSION = 5.0;
				TARGETED_DEVICE_FAMILY = "1,2";
				TEST_HOST = "$(BUILT_PRODUCTS_DIR)/TestFastlaneGithub.app/$(BUNDLE_EXECUTABLE_FOLDER_PATH)/TestFastlaneGithub";
			};
			name = Release;
		};
		736CD2992FA7A03000CDC18A /* Debug */ = {
			isa = XCBuildConfiguration;
			buildSettings = {
				CODE_SIGN_STYLE = Automatic;
				CURRENT_PROJECT_VERSION = 1;
				DEVELOPMENT_TEAM = 8J9X6579Z6;
				GENERATE_INFOPLIST_FILE = YES;
				MARKETING_VERSION = 1.0;
				PRODUCT_BUNDLE_IDENTIFIER = MK.com.TestFastlaneGithubUITests;
				PRODUCT_NAME = "$(TARGET_NAME)";
				STRING_CATALOG_GENERATE_SYMBOLS = NO;
				SWIFT_APPROACHABLE_CONCURRENCY = YES;
				SWIFT_EMIT_LOC_STRINGS = NO;
				SWIFT_UPCOMING_FEATURE_MEMBER_IMPORT_VISIBILITY = YES;
				SWIFT_VERSION = 5.0;
				TARGETED_DEVICE_FAMILY = "1,2";
				TEST_TARGET_NAME = TestFastlaneGithub;
			};
			name = Debug;
		};
		736CD29A2FA7A03000CDC18A /* Release */ = {
			isa = XCBuildConfiguration;
			buildSettings = {
				CODE_SIGN_STYLE = Automatic;
				CURRENT_PROJECT_VERSION = 1;
				DEVELOPMENT_TEAM = 8J9X6579Z6;
				GENERATE_INFOPLIST_FILE = YES;
				MARKETING_VERSION = 1.0;
				PRODUCT_BUNDLE_IDENTIFIER = MK.com.TestFastlaneGithubUITests;
				PRODUCT_NAME = "$(TARGET_NAME)";
				STRING_CATALOG_GENERATE_SYMBOLS = NO;
				SWIFT_APPROACHABLE_CONCURRENCY = YES;
				SWIFT_EMIT_LOC_STRINGS = NO;
				SWIFT_UPCOMING_FEATURE_MEMBER_IMPORT_VISIBILITY = YES;
				SWIFT_VERSION = 5.0;
				TARGETED_DEVICE_FAMILY = "1,2";
				TEST_TARGET_NAME = TestFastlaneGithub;
			};
			name = Release;
		};
/* End XCBuildConfiguration section */

/* Begin XCConfigurationList section */
		736CD26C2FA7A02F00CDC18A /* Build configuration list for PBXProject "TestFastlaneGithub" */ = {
			isa = XCConfigurationList;
			buildConfigurations = (
				736CD2902FA7A03000CDC18A /* Debug */,
				736CD2912FA7A03000CDC18A /* Release */,
			);
			defaultConfigurationIsVisible = 0;
			defaultConfigurationName = Release;
		};
		736CD2922FA7A03000CDC18A /* Build configuration list for PBXNativeTarget "TestFastlaneGithub" */ = {
			isa = XCConfigurationList;
			buildConfigurations = (
				736CD2932FA7A03000CDC18A /* Debug */,
				736CD2942FA7A03000CDC18A /* Release */,
			);
			defaultConfigurationIsVisible = 0;
			defaultConfigurationName = Release;
		};
		736CD2952FA7A03000CDC18A /* Build configuration list for PBXNativeTarget "TestFastlaneGithubTests" */ = {
			isa = XCConfigurationList;
			buildConfigurations = (
				736CD2962FA7A03000CDC18A /* Debug */,
				736CD2972FA7A03000CDC18A /* Release */,
			);
			defaultConfigurationIsVisible = 0;
			defaultConfigurationName = Release;
		};
		736CD2982FA7A03000CDC18A /* Build configuration list for PBXNativeTarget "TestFastlaneGithubUITests" */ = {
			isa = XCConfigurationList;
			buildConfigurations = (
				736CD2992FA7A03000CDC18A /* Debug */,
				736CD29A2FA7A03000CDC18A /* Release */,
			);
			defaultConfigurationIsVisible = 0;
			defaultConfigurationName = Release;
		};
/* End XCConfigurationList section */
	};
	rootObject = 736CD2692FA7A02F00CDC18A /* Project object */;
}
